
Microsoft Visual Studio Solution File, Format Version 12.00
# Visual Studio 14
VisualStudioVersion = 14.0.25420.1
MinimumVisualStudioVersion = 10.0.40219.1
Project("{FAE04EC0-301F-11D3-BF4B-00C04F79EFBC}") = "NMS", "NMS\NMS.csproj", "{67DC5CFC-E180-471E-9D51-13B56FC642DD}"
EndProject
Project("{FAE04EC0-301F-11D3-BF4B-00C04F79EFBC}") = "NMS_UnitTest", "NMS_UnitTest\NMS_UnitTest.csproj", "{EFB5192C-857B-40A9-A9C3-B5779CC1ADDC}"
EndProject
Project("{FAE04EC0-301F-11D3-BF4B-00C04F79EFBC}") = "Common", "..\..\5. 성남여주선\999. 공통\Common\Ver 1.01\Common\Common.csproj", "{5F0FD856-5200-4D88-9167-88948CA40A72}"
EndProject
Project("{FAE04EC0-301F-11D3-BF4B-00C04F79EFBC}") = "jksSock", "..\..\..\91. 통신 모듈\jksSock (정교석과장 TCP 통신모듈)\jksSock\jksSock.csproj", "{2EC9C0A0-6DA2-4469-B3E4-68C1E39BA294}"
EndProject
Global
	GlobalSection(SolutionConfigurationPlatforms) = preSolution
		Debug|Any CPU = Debug|Any CPU
		Debug|Mixed Platforms = Debug|Mixed Platforms
		Debug|x86 = Debug|x86
		Release|Any CPU = Release|Any CPU
		Release|Mixed Platforms = Release|Mixed Platforms
		Release|x86 = Release|x86
	EndGlobalSection
	GlobalSection(ProjectConfigurationPlatforms) = postSolution
		{67DC5CFC-E180-471E-9D51-13B56FC642DD}.Debug|Any CPU.ActiveCfg = Debug|Any CPU
		{67DC5CFC-E180-471E-9D51-13B56FC642DD}.Debug|Any CPU.Build.0 = Debug|Any CPU
		{67DC5CFC-E180-471E-9D51-13B56FC642DD}.Debug|Mixed Platforms.ActiveCfg = Debug|Any CPU
		{67DC5CFC-E180-471E-9D51-13B56FC642DD}.Debug|Mixed Platforms.Build.0 = Debug|Any CPU
		{67DC5CFC-E180-471E-9D51-13B56FC642DD}.Debug|x86.ActiveCfg = Debug|Any CPU
		{67DC5CFC-E180-471E-9D51-13B56FC642DD}.Release|Any CPU.ActiveCfg = Release|Any CPU
		{67DC5CFC-E180-471E-9D51-13B56FC642DD}.Release|Any CPU.Build.0 = Release|Any CPU
		{67DC5CFC-E180-471E-9D51-13B56FC642DD}.Release|Mixed Platforms.ActiveCfg = Release|Any CPU
		{67DC5CFC-E180-471E-9D51-13B56FC642DD}.Release|Mixed Platforms.Build.0 = Release|Any CPU
		{67DC5CFC-E180-471E-9D51-13B56FC642DD}.Release|x86.ActiveCfg = Release|Any CPU
		{EFB5192C-857B-40A9-A9C3-B5779CC1ADDC}.Debug|Any CPU.ActiveCfg = Debug|Any CPU
		{EFB5192C-857B-40A9-A9C3-B5779CC1ADDC}.Debug|Any CPU.Build.0 = Debug|Any CPU
		{EFB5192C-857B-40A9-A9C3-B5779CC1ADDC}.Debug|Mixed Platforms.ActiveCfg = Debug|Any CPU
		{EFB5192C-857B-40A9-A9C3-B5779CC1ADDC}.Debug|Mixed Platforms.Build.0 = Debug|Any CPU
		{EFB5192C-857B-40A9-A9C3-B5779CC1ADDC}.Debug|x86.ActiveCfg = Debug|Any CPU
		{EFB5192C-857B-40A9-A9C3-B5779CC1ADDC}.Release|Any CPU.ActiveCfg = Release|Any CPU
		{EFB5192C-857B-40A9-A9C3-B5779CC1ADDC}.Release|Any CPU.Build.0 = Release|Any CPU
		{EFB5192C-857B-40A9-A9C3-B5779CC1ADDC}.Release|Mixed Platforms.ActiveCfg = Release|Any CPU
		{EFB5192C-857B-40A9-A9C3-B5779CC1ADDC}.Release|Mixed Platforms.Build.0 = Release|Any CPU
		{EFB5192C-857B-40A9-A9C3-B5779CC1ADDC}.Release|x86.ActiveCfg = Release|Any CPU
		{5F0FD856-5200-4D88-9167-88948CA40A72}.Debug|Any CPU.ActiveCfg = Debug|Any CPU
		{5F0FD856-5200-4D88-9167-88948CA40A72}.Debug|Any CPU.Build.0 = Debug|Any CPU
		{5F0FD856-5200-4D88-9167-88948CA40A72}.Debug|Mixed Platforms.ActiveCfg = Debug|Any CPU
		{5F0FD856-5200-4D88-9167-88948CA40A72}.Debug|Mixed Platforms.Build.0 = Debug|Any CPU
		{5F0FD856-5200-4D88-9167-88948CA40A72}.Debug|x86.ActiveCfg = Debug|Any CPU
		{5F0FD856-5200-4D88-9167-88948CA40A72}.Debug|x86.Build.0 = Debug|Any CPU
		{5F0FD856-5200-4D88-9167-88948CA40A72}.Release|Any CPU.ActiveCfg = Release|Any CPU
		{5F0FD856-5200-4D88-9167-88948CA40A72}.Release|Any CPU.Build.0 = Release|Any CPU
		{5F0FD856-5200-4D88-9167-88948CA40A72}.Release|Mixed Platforms.ActiveCfg = Release|Any CPU
		{5F0FD856-5200-4D88-9167-88948CA40A72}.Release|Mixed Platforms.Build.0 = Release|Any CPU
		{5F0FD856-5200-4D88-9167-88948CA40A72}.Release|x86.ActiveCfg = Release|Any CPU
		{5F0FD856-5200-4D88-9167-88948CA40A72}.Release|x86.Build.0 = Release|Any CPU
		{2EC9C0A0-6DA2-4469-B3E4-68C1E39BA294}.Debug|Any CPU.ActiveCfg = Debug|Any CPU
		{2EC9C0A0-6DA2-4469-B3E4-68C1E39BA294}.Debug|Any CPU.Build.0 = Debug|Any CPU
		{2EC9C0A0-6DA2-4469-B3E4-68C1E39BA294}.Debug|Mixed Platforms.ActiveCfg = Debug|Any CPU
		{2EC9C0A0-6DA2-4469-B3E4-68C1E39BA294}.Debug|Mixed Platforms.Build.0 = Debug|Any CPU
		{2EC9C0A0-6DA2-4469-B3E4-68C1E39BA294}.Debug|x86.ActiveCfg = Debug|Any CPU
		{2EC9C0A0-6DA2-4469-B3E4-68C1E39BA294}.Debug|x86.Build.0 = Debug|Any CPU
		{2EC9C0A0-6DA2-4469-B3E4-68C1E39BA294}.Release|Any CPU.ActiveCfg = Release|Any CPU
		{2EC9C0A0-6DA2-4469-B3E4-68C1E39BA294}.Release|Any CPU.Build.0 = Release|Any CPU
		{2EC9C0A0-6DA2-4469-B3E4-68C1E39BA294}.Release|Mixed Platforms.ActiveCfg = Release|Any CPU
		{2EC9C0A0-6DA2-4469-B3E4-68C1E39BA294}.Release|Mixed Platforms.Build.0 = Release|Any CPU
		{2EC9C0A0-6DA2-4469-B3E4-68C1E39BA294}.Release|x86.ActiveCfg = Release|Any CPU
		{2EC9C0A0-6DA2-4469-B3E4-68C1E39BA294}.Release|x86.Build.0 = Release|Any CPU
	EndGlobalSection
	GlobalSection(SolutionProperties) = preSolution
		HideSolutionNode = FALSE
	EndGlobalSection
EndGlobal
